
Microsoft Visual Studio Solution File, Format Version 12.00
# Visual Studio Version 17
VisualStudioVersion = 17.13.35931.197 d17.13
MinimumVisualStudioVersion = 10.0.40219.1
Project("{FAE04EC0-301F-11D3-BF4B-00C04F79EFBC}") = "PROG_POE_Part1", "PROG_POE_Part1\PROG_POE_Part1.csproj", "{7EDCEB5F-1C23-448D-B42B-A5683F7A1E55}"
EndProject
Global
	GlobalSection(SolutionConfigurationPlatforms) = preSolution
		Debug|Any CPU = Debug|Any CPU
		Release|Any CPU = Release|Any CPU
	EndGlobalSection
	GlobalSection(ProjectConfigurationPlatforms) = postSolution
		{7EDCEB5F-1C23-448D-B42B-A5683F7A1E55}.Debug|Any CPU.ActiveCfg = Debug|Any CPU
		{7EDCEB5F-1C23-448D-B42B-A5683F7A1E55}.Debug|Any CPU.Build.0 = Debug|Any CPU
		{7EDCEB5F-1C23-448D-B42B-A5683F7A1E55}.Release|Any CPU.ActiveCfg = Release|Any CPU
		{7EDCEB5F-1C23-448D-B42B-A5683F7A1E55}.Release|Any CPU.Build.0 = Release|Any CPU
	EndGlobalSection
	GlobalSection(SolutionProperties) = preSolution
		HideSolutionNode = FALSE
	EndGlobalSection
	GlobalSection(ExtensibilityGlobals) = postSolution
		SolutionGuid = {E717A382-628D-4885-870A-C860E3EB764C}
	EndGlobalSection
EndGlobal
